
Microsoft Visual Studio Solution File, Format Version 12.00
# Visual Studio 15
VisualStudioVersion = 15.0.28307.421
MinimumVisualStudioVersion = 10.0.40219.1
Project("{888888A0-9F3D-457C-B088-3A5042F75D52}") = "TwitterParserByMolly", "TwitterParserByMolly\TwitterParserByMolly.pyproj", "{D60CBF2E-B083-442E-A9A2-C4904AB77740}"
EndProject
Global
	GlobalSection(SolutionConfigurationPlatforms) = preSolution
		Debug|Any CPU = Debug|Any CPU
		Release|Any CPU = Release|Any CPU
	EndGlobalSection
	GlobalSection(ProjectConfigurationPlatforms) = postSolution
		{D60CBF2E-B083-442E-A9A2-C4904AB77740}.Debug|Any CPU.ActiveCfg = Debug|Any CPU
		{D60CBF2E-B083-442E-A9A2-C4904AB77740}.Release|Any CPU.ActiveCfg = Release|Any CPU
	EndGlobalSection
	GlobalSection(SolutionProperties) = preSolution
		HideSolutionNode = FALSE
	EndGlobalSection
	GlobalSection(ExtensibilityGlobals) = postSolution
		SolutionGuid = {C9E910A6-F75A-41CB-BA7C-67B1AFBA8922}
	EndGlobalSection
EndGlobal
